lockfileVersion: '6.0'

settings:
  autoInstallPeers: true
  excludeLinksFromLockfile: false

dependencies:
  '@paperdave/logger':
    specifier: ^3.0.1
    version: 3.0.1
  algoliasearch:
    specifier: ^4.19.1
    version: 4.19.1
  discord.js:
    specifier: ^14.13.0
    version: 14.13.0
  glob:
    specifier: ^10.3.3
    version: 10.3.3
  gray-matter:
    specifier: ^4.0.3
    version: 4.0.3
  zlib-sync:
    specifier: ^0.1.8
    version: 0.1.8

devDependencies:
  bun-types:
    specifier: ^0.7.3
    version: 0.7.3

packages:

  /@algolia/cache-browser-local-storage@4.19.1:
    resolution: {integrity: sha512-FYAZWcGsFTTaSAwj9Std8UML3Bu8dyWDncM7Ls8g+58UOe4XYdlgzXWbrIgjaguP63pCCbMoExKr61B+ztK3tw==}
    dependencies:
      '@algolia/cache-common': 4.19.1
    dev: false

  /@algolia/cache-common@4.19.1:
    resolution: {integrity: sha512-XGghi3l0qA38HiqdoUY+wvGyBsGvKZ6U3vTiMBT4hArhP3fOGLXpIINgMiiGjTe4FVlTa5a/7Zf2bwlIHfRqqg==}
    dev: false

  /@algolia/cache-in-memory@4.19.1:
    resolution: {integrity: sha512-+PDWL+XALGvIginigzu8oU6eWw+o76Z8zHbBovWYcrtWOEtinbl7a7UTt3x3lthv+wNuFr/YD1Gf+B+A9V8n5w==}
    dependencies:
      '@algolia/cache-common': 4.19.1
    dev: false

  /@algolia/client-account@4.19.1:
    resolution: {integrity: sha512-Oy0ritA2k7AMxQ2JwNpfaEcgXEDgeyKu0V7E7xt/ZJRdXfEpZcwp9TOg4TJHC7Ia62gIeT2Y/ynzsxccPw92GA==}
    dependencies:
      '@algolia/client-common': 4.19.1
      '@algolia/client-search': 4.19.1
      '@algolia/transporter': 4.19.1
    dev: false

  /@algolia/client-analytics@4.19.1:
    resolution: {integrity: sha512-5QCq2zmgdZLIQhHqwl55ZvKVpLM3DNWjFI4T+bHr3rGu23ew2bLO4YtyxaZeChmDb85jUdPDouDlCumGfk6wOg==}
    dependencies:
      '@algolia/client-common': 4.19.1
      '@algolia/client-search': 4.19.1
      '@algolia/requester-common': 4.19.1
      '@algolia/transporter': 4.19.1
    dev: false

  /@algolia/client-common@4.19.1:
    resolution: {integrity: sha512-3kAIVqTcPrjfS389KQvKzliC559x+BDRxtWamVJt8IVp7LGnjq+aVAXg4Xogkur1MUrScTZ59/AaUd5EdpyXgA==}
    dependencies:
      '@algolia/requester-common': 4.19.1
      '@algolia/transporter': 4.19.1
    dev: false

  /@algolia/client-personalization@4.19.1:
    resolution: {integrity: sha512-8CWz4/H5FA+krm9HMw2HUQenizC/DxUtsI5oYC0Jxxyce1vsr8cb1aEiSJArQT6IzMynrERif1RVWLac1m36xw==}
    dependencies:
      '@algolia/client-common': 4.19.1
      '@algolia/requester-common': 4.19.1
      '@algolia/transporter': 4.19.1
    dev: false

  /@algolia/client-search@4.19.1:
    resolution: {integrity: sha512-mBecfMFS4N+yK/p0ZbK53vrZbL6OtWMk8YmnOv1i0LXx4pelY8TFhqKoTit3NPVPwoSNN0vdSN9dTu1xr1XOVw==}
    dependencies:
      '@algolia/client-common': 4.19.1
      '@algolia/requester-common': 4.19.1
      '@algolia/transporter': 4.19.1
    dev: false

  /@algolia/logger-common@4.19.1:
    resolution: {integrity: sha512-i6pLPZW/+/YXKis8gpmSiNk1lOmYCmRI6+x6d2Qk1OdfvX051nRVdalRbEcVTpSQX6FQAoyeaui0cUfLYW5Elw==}
    dev: false

  /@algolia/logger-console@4.19.1:
    resolution: {integrity: sha512-jj72k9GKb9W0c7TyC3cuZtTr0CngLBLmc8trzZlXdfvQiigpUdvTi1KoWIb2ZMcRBG7Tl8hSb81zEY3zI2RlXg==}
    dependencies:
      '@algolia/logger-common': 4.19.1
    dev: false

  /@algolia/requester-browser-xhr@4.19.1:
    resolution: {integrity: sha512-09K/+t7lptsweRTueHnSnmPqIxbHMowejAkn9XIcJMLdseS3zl8ObnS5GWea86mu3vy4+8H+ZBKkUN82Zsq/zg==}
    dependencies:
      '@algolia/requester-common': 4.19.1
    dev: false

  /@algolia/requester-common@4.19.1:
    resolution: {integrity: sha512-BisRkcWVxrDzF1YPhAckmi2CFYK+jdMT60q10d7z3PX+w6fPPukxHRnZwooiTUrzFe50UBmLItGizWHP5bDzVQ==}
    dev: false

  /@algolia/requester-node-http@4.19.1:
    resolution: {integrity: sha512-6DK52DHviBHTG2BK/Vv2GIlEw7i+vxm7ypZW0Z7vybGCNDeWzADx+/TmxjkES2h15+FZOqVf/Ja677gePsVItA==}
    dependencies:
      '@algolia/requester-common': 4.19.1
    dev: false

  /@algolia/transporter@4.19.1:
    resolution: {integrity: sha512-nkpvPWbpuzxo1flEYqNIbGz7xhfhGOKGAZS7tzC+TELgEmi7z99qRyTfNSUlW7LZmB3ACdnqAo+9A9KFBENviQ==}
    dependencies:
      '@algolia/cache-common': 4.19.1
      '@algolia/logger-common': 4.19.1
      '@algolia/requester-common': 4.19.1
    dev: false

  /@discordjs/builders@1.6.5:
    resolution: {integrity: sha512-SdweyCs/+mHj+PNhGLLle7RrRFX9ZAhzynHahMCLqp5Zeq7np7XC6/mgzHc79QoVlQ1zZtOkTTiJpOZu5V8Ufg==}
    engines: {node: '>=16.11.0'}
    dependencies:
      '@discordjs/formatters': 0.3.2
      '@discordjs/util': 1.0.1
      '@sapphire/shapeshift': 3.9.2
      discord-api-types: 0.37.50
      fast-deep-equal: 3.1.3
      ts-mixer: 6.0.3
      tslib: 2.6.2
    dev: false

  /@discordjs/collection@1.5.3:
    resolution: {integrity: sha512-SVb428OMd3WO1paV3rm6tSjM4wC+Kecaa1EUGX7vc6/fddvw/6lg90z4QtCqm21zvVe92vMMDt9+DkIvjXImQQ==}
    engines: {node: '>=16.11.0'}
    dev: false

  /@discordjs/formatters@0.3.2:
    resolution: {integrity: sha512-lE++JZK8LSSDRM5nLjhuvWhGuKiXqu+JZ/DsOR89DVVia3z9fdCJVcHF2W/1Zxgq0re7kCzmAJlCMMX3tetKpA==}
    engines: {node: '>=16.11.0'}
    dependencies:
      discord-api-types: 0.37.50
    dev: false

  /@discordjs/rest@2.0.1:
    resolution: {integrity: sha512-/eWAdDRvwX/rIE2tuQUmKaxmWeHmGealttIzGzlYfI4+a7y9b6ZoMp8BG/jaohs8D8iEnCNYaZiOFLVFLQb8Zg==}
    engines: {node: '>=16.11.0'}
    dependencies:
      '@discordjs/collection': 1.5.3
      '@discordjs/util': 1.0.1
      '@sapphire/async-queue': 1.5.0
      '@sapphire/snowflake': 3.5.1
      '@vladfrangu/async_event_emitter': 2.2.2
      discord-api-types: 0.37.50
      magic-bytes.js: 1.0.15
      tslib: 2.6.2
      undici: 5.22.1
    dev: false

  /@discordjs/util@1.0.1:
    resolution: {integrity: sha512-d0N2yCxB8r4bn00/hvFZwM7goDcUhtViC5un4hPj73Ba4yrChLSJD8fy7Ps5jpTLg1fE9n4K0xBLc1y9WGwSsA==}
    engines: {node: '>=16.11.0'}
    dev: false

  /@discordjs/ws@1.0.1:
    resolution: {integrity: sha512-avvAolBqN3yrSvdBPcJ/0j2g42ABzrv3PEL76e3YTp2WYMGH7cuspkjfSyNWaqYl1J+669dlLp+YFMxSVQyS5g==}
    engines: {node: '>=16.11.0'}
    dependencies:
      '@discordjs/collection': 1.5.3
      '@discordjs/rest': 2.0.1
      '@discordjs/util': 1.0.1
      '@sapphire/async-queue': 1.5.0
      '@types/ws': 8.5.5
      '@vladfrangu/async_event_emitter': 2.2.2
      discord-api-types: 0.37.50
      tslib: 2.6.2
      ws: 8.13.0
    transitivePeerDependencies:
      - bufferutil
      - utf-8-validate
    dev: false

  /@isaacs/cliui@8.0.2:
    resolution: {integrity: sha512-O8jcjabXaleOG9DQ0+ARXWZBTfnP4WNAqzuiJK7ll44AmxGKv/J2M4TPjxjY3znBCfvBXFzucm1twdyFybFqEA==}
    engines: {node: '>=12'}
    dependencies:
      string-width: 5.1.2
      string-width-cjs: /string-width@4.2.3
      strip-ansi: 7.1.0
      strip-ansi-cjs: /strip-ansi@6.0.1
      wrap-ansi: 8.1.0
      wrap-ansi-cjs: /wrap-ansi@7.0.0
    dev: false

  /@paperdave/logger@3.0.1:
    resolution: {integrity: sha512-sLl/oM6U5KUU1bLzjDzshsJnrlGEPT7J0BFMqYr6HzX0RJbsKgRf4XRJgXsusT+rFDfOSHrJAootuImlt8q/9A==}
    engines: {node: '>=16'}
    dependencies:
      '@paperdave/utils': 1.8.0
      ansi-escapes: 6.2.0
      chalk: 5.3.0
      strip-ansi: 7.1.0
    dev: false

  /@paperdave/utils@1.8.0:
    resolution: {integrity: sha512-/1ckfqC0migr4GjtFhpqNUIgPibign4kRMmEzGsZ6hilvQ0cbL8Hu96ZzvM/matlOK4tOeEj9aH4f1Bip8AH1A==}
    engines: {node: '>=16'}
    dependencies:
      utility-types: 3.10.0
      yaml: 2.3.1
    dev: false

  /@pkgjs/parseargs@0.11.0:
    resolution: {integrity: sha512-+1VkjdD0QBLPodGrJUeqarH8VAIvQODIbwh9XpP5Syisf7YoQgsJKPNFoqqLQlu+VQ/tVSshMR6loPMn8U+dPg==}
    engines: {node: '>=14'}
    requiresBuild: true
    dev: false
    optional: true

  /@sapphire/async-queue@1.5.0:
    resolution: {integrity: sha512-JkLdIsP8fPAdh9ZZjrbHWR/+mZj0wvKS5ICibcLrRI1j84UmLMshx5n9QmL8b95d4onJ2xxiyugTgSAX7AalmA==}
    engines: {node: '>=v14.0.0', npm: '>=7.0.0'}
    dev: false

  /@sapphire/shapeshift@3.9.2:
    resolution: {integrity: sha512-YRbCXWy969oGIdqR/wha62eX8GNHsvyYi0Rfd4rNW6tSVVa8p0ELiMEuOH/k8rgtvRoM+EMV7Csqz77YdwiDpA==}
    engines: {node: '>=v14.0.0', npm: '>=7.0.0'}
    dependencies:
      fast-deep-equal: 3.1.3
      lodash: 4.17.21
    dev: false

  /@sapphire/snowflake@3.5.1:
    resolution: {integrity: sha512-BxcYGzgEsdlG0dKAyOm0ehLGm2CafIrfQTZGWgkfKYbj+pNNsorZ7EotuZukc2MT70E0UbppVbtpBrqpzVzjNA==}
    engines: {node: '>=v14.0.0', npm: '>=7.0.0'}
    dev: false

  /@types/node@20.5.3:
    resolution: {integrity: sha512-ITI7rbWczR8a/S6qjAW7DMqxqFMjjTo61qZVWJ1ubPvbIQsL5D/TvwjYEalM8Kthpe3hTzOGrF2TGbAu2uyqeA==}
    requiresBuild: true
    dev: false

  /@types/ws@8.5.5:
    resolution: {integrity: sha512-lwhs8hktwxSjf9UaZ9tG5M03PGogvFaH8gUgLNbN9HKIg0dvv6q+gkSuJ8HN4/VbyxkuLzCjlN7GquQ0gUJfIg==}
    requiresBuild: true
    dependencies:
      '@types/node': 20.5.3
    dev: false

  /@vladfrangu/async_event_emitter@2.2.2:
    resolution: {integrity: sha512-HIzRG7sy88UZjBJamssEczH5q7t5+axva19UbZLO6u0ySbYPrwzWiXBcC0WuHyhKKoeCyneH+FvYzKQq/zTtkQ==}
    engines: {node: '>=v14.0.0', npm: '>=7.0.0'}
    dev: false

  /algoliasearch@4.19.1:
    resolution: {integrity: sha512-IJF5b93b2MgAzcE/tuzW0yOPnuUyRgGAtaPv5UUywXM8kzqfdwZTO4sPJBzoGz1eOy6H9uEchsJsBFTELZSu+g==}
    dependencies:
      '@algolia/cache-browser-local-storage': 4.19.1
      '@algolia/cache-common': 4.19.1
      '@algolia/cache-in-memory': 4.19.1
      '@algolia/client-account': 4.19.1
      '@algolia/client-analytics': 4.19.1
      '@algolia/client-common': 4.19.1
      '@algolia/client-personalization': 4.19.1
      '@algolia/client-search': 4.19.1
      '@algolia/logger-common': 4.19.1
      '@algolia/logger-console': 4.19.1
      '@algolia/requester-browser-xhr': 4.19.1
      '@algolia/requester-common': 4.19.1
      '@algolia/requester-node-http': 4.19.1
      '@algolia/transporter': 4.19.1
    dev: false

  /ansi-escapes@6.2.0:
    resolution: {integrity: sha512-kzRaCqXnpzWs+3z5ABPQiVke+iq0KXkHo8xiWV4RPTi5Yli0l97BEQuhXV1s7+aSU/fu1kUuxgS4MsQ0fRuygw==}
    engines: {node: '>=14.16'}
    dependencies:
      type-fest: 3.13.1
    dev: false

  /ansi-regex@5.0.1:
    resolution: {integrity: sha512-quJQXlTSUGL2LH9SUXo8VwsY4soanhgo6LNSm84E1LBcE8s3O0wpdiRzyR9z/ZZJMlMWv37qOOb9pdJlMUEKFQ==}
    engines: {node: '>=8'}
    dev: false

  /ansi-regex@6.0.1:
    resolution: {integrity: sha512-n5M855fKb2SsfMIiFFoVrABHJC8QtHwVx+mHWP3QcEqBHYienj5dHSgjbxtC0WEZXYt4wcD6zrQElDPhFuZgfA==}
    engines: {node: '>=12'}
    dev: false

  /ansi-styles@4.3.0:
    resolution: {integrity: sha512-zbB9rCJAT1rbjiVDb2hqKFHNYLxgtk8NURxZ3IZwD3F6NtxbXZQCnnSi1Lkx+IDohdPlFp222wVALIheZJQSEg==}
    engines: {node: '>=8'}
    dependencies:
      color-convert: 2.0.1
    dev: false

  /ansi-styles@6.2.1:
    resolution: {integrity: sha512-bN798gFfQX+viw3R7yrGWRqnrN2oRkEkUjjl4JNn4E8GxxbjtG3FbrEIIY3l8/hrwUwIeCZvi4QuOTP4MErVug==}
    engines: {node: '>=12'}
    dev: false

  /argparse@1.0.10:
    resolution: {integrity: sha512-o5Roy6tNG4SL/FOkCAN6RzjiakZS25RLYFrcMttJqbdd8BWrnA+fGz57iN5Pb06pvBGvl5gQ0B48dJlslXvoTg==}
    dependencies:
      sprintf-js: 1.0.3
    dev: false

  /balanced-match@1.0.2:
    resolution: {integrity: sha512-3oSeUO0TMV67hN1AmbXsK4yaqU7tjiHlbxRDZOpH0KW9+CeX4bRAaX0Anxt0tx2MrpRpWwQaPwIlISEJhYU5Pw==}
    dev: false

  /brace-expansion@2.0.1:
    resolution: {integrity: sha512-XnAIvQ8eM+kC6aULx6wuQiwVsnzsi9d3WxzV3FpWTGA19F621kwdbsAcFKXgKUHZWsy+mY6iL1sHTxWEFCytDA==}
    dependencies:
      balanced-match: 1.0.2
    dev: false

  /bun-types@0.7.3:
    resolution: {integrity: sha512-kssLD5mDLoawmLZFgQRRq0Wy+dca/os6TZ0MHWyFVoVAEwSrpAxmNCZ1K1GUelfhlDaL2FikRxeF9GkATdzXZg==}
    dev: true

  /busboy@1.6.0:
    resolution: {integrity: sha512-8SFQbg/0hQ9xy3UNTB0YEnsNBbWfhf7RtnzpL7TkBiTBRfrQ9Fxcnz7VJsleJpyp6rVLvXiuORqjlHi5q+PYuA==}
    engines: {node: '>=10.16.0'}
    dependencies:
      streamsearch: 1.1.0
    dev: false

  /chalk@5.3.0:
    resolution: {integrity: sha512-dLitG79d+GV1Nb/VYcCDFivJeK1hiukt9QjRNVOsUtTy1rR1YJsmpGGTZ3qJos+uw7WmWF4wUwBd9jxjocFC2w==}
    engines: {node: ^12.17.0 || ^14.13 || >=16.0.0}
    dev: false

  /color-convert@2.0.1:
    resolution: {integrity: sha512-RRECPsj7iu/xb5oKYcsFHSppFNnsj/52OVTRKb4zP5onXwVF3zVmmToNcOfGC+CRDpfK/U584fMg38ZHCaElKQ==}
    engines: {node: '>=7.0.0'}
    dependencies:
      color-name: 1.1.4
    dev: false

  /color-name@1.1.4:
    resolution: {integrity: sha512-dOy+3AuW3a2wNbZHIuMZpTcgjGuLU/uBL/ubcZF9OXbDo8ff4O8yVp5Bf0efS8uEoYo5q4Fx7dY9OgQGXgAsQA==}
    dev: false

  /cross-spawn@7.0.3:
    resolution: {integrity: sha512-iRDPJKUPVEND7dHPO8rkbOnPpyDygcDFtWjpeWNCgy8WP2rXcxXL8TskReQl6OrB2G7+UJrags1q15Fudc7G6w==}
    engines: {node: '>= 8'}
    dependencies:
      path-key: 3.1.1
      shebang-command: 2.0.0
      which: 2.0.2
    dev: false

  /discord-api-types@0.37.50:
    resolution: {integrity: sha512-X4CDiMnDbA3s3RaUXWXmgAIbY1uxab3fqe3qwzg5XutR3wjqi7M3IkgQbsIBzpqBN2YWr/Qdv7JrFRqSgb4TFg==}
    dev: false

  /discord.js@14.13.0:
    resolution: {integrity: sha512-Kufdvg7fpyTEwANGy9x7i4od4yu5c6gVddGi5CKm4Y5a6sF0VBODObI3o0Bh7TGCj0LfNT8Qp8z04wnLFzgnbA==}
    engines: {node: '>=16.11.0'}
    dependencies:
      '@discordjs/builders': 1.6.5
      '@discordjs/collection': 1.5.3
      '@discordjs/formatters': 0.3.2
      '@discordjs/rest': 2.0.1
      '@discordjs/util': 1.0.1
      '@discordjs/ws': 1.0.1
      '@sapphire/snowflake': 3.5.1
      '@types/ws': 8.5.5
      discord-api-types: 0.37.50
      fast-deep-equal: 3.1.3
      lodash.snakecase: 4.1.1
      tslib: 2.6.2
      undici: 5.22.1
      ws: 8.13.0
    transitivePeerDependencies:
      - bufferutil
      - utf-8-validate
    dev: false

  /eastasianwidth@0.2.0:
    resolution: {integrity: sha512-I88TYZWc9XiYHRQ4/3c5rjjfgkjhLyW2luGIheGERbNQ6OY7yTybanSpDXZa8y7VUP9YmDcYa+eyq4ca7iLqWA==}
    dev: false

  /emoji-regex@8.0.0:
    resolution: {integrity: sha512-MSjYzcWNOA0ewAHpz0MxpYFvwg6yjy1NG3xteoqz644VCo/RPgnr1/GGt+ic3iJTzQ8Eu3TdM14SawnVUmGE6A==}
    dev: false

  /emoji-regex@9.2.2:
    resolution: {integrity: sha512-L18DaJsXSUk2+42pv8mLs5jJT2hqFkFE4j21wOmgbUqsZ2hL72NsUU785g9RXgo3s0ZNgVl42TiHp3ZtOv/Vyg==}
    dev: false

  /esprima@4.0.1:
    resolution: {integrity: sha512-eGuFFw7Upda+g4p+QHvnW0RyTX/SVeJBDM/gCtMARO0cLuT2HcEKnTPvhjV6aGeqrCB/sbNop0Kszm0jsaWU4A==}
    engines: {node: '>=4'}
    hasBin: true
    dev: false

  /extend-shallow@2.0.1:
    resolution: {integrity: sha512-zCnTtlxNoAiDc3gqY2aYAWFx7XWWiasuF2K8Me5WbN8otHKTUKBwjPtNpRs/rbUZm7KxWAaNj7P1a/p52GbVug==}
    engines: {node: '>=0.10.0'}
    dependencies:
      is-extendable: 0.1.1
    dev: false

  /fast-deep-equal@3.1.3:
    resolution: {integrity: sha512-f3qQ9oQy9j2AhBe/H9VC91wLmKBCCU/gDOnKNAYG5hswO7BLKj09Hc5HYNz9cGI++xlpDCIgDaitVs03ATR84Q==}
    dev: false

  /foreground-child@3.1.1:
    resolution: {integrity: sha512-TMKDUnIte6bfb5nWv7V/caI169OHgvwjb7V4WkeUvbQQdjr5rWKqHFiKWb/fcOwB+CzBT+qbWjvj+DVwRskpIg==}
    engines: {node: '>=14'}
    dependencies:
      cross-spawn: 7.0.3
      signal-exit: 4.1.0
    dev: false

  /glob@10.3.3:
    resolution: {integrity: sha512-92vPiMb/iqpmEgsOoIDvTjc50wf9CCCvMzsi6W0JLPeUKE8TWP1a73PgqSrqy7iAZxaSD1YdzU7QZR5LF51MJw==}
    engines: {node: '>=16 || 14 >=14.17'}
    hasBin: true
    dependencies:
      foreground-child: 3.1.1
      jackspeak: 2.3.0
      minimatch: 9.0.3
      minipass: 7.0.3
      path-scurry: 1.10.1
    dev: false

  /gray-matter@4.0.3:
    resolution: {integrity: sha512-5v6yZd4JK3eMI3FqqCouswVqwugaA9r4dNZB1wwcmrD02QkV5H0y7XBQW8QwQqEaZY1pM9aqORSORhJRdNK44Q==}
    engines: {node: '>=6.0'}
    dependencies:
      js-yaml: 3.14.1
      kind-of: 6.0.3
      section-matter: 1.0.0
      strip-bom-string: 1.0.0
    dev: false

  /is-extendable@0.1.1:
    resolution: {integrity: sha512-5BMULNob1vgFX6EjQw5izWDxrecWK9AM72rugNr0TFldMOi0fj6Jk+zeKIt0xGj4cEfQIJth4w3OKWOJ4f+AFw==}
    engines: {node: '>=0.10.0'}
    dev: false

  /is-fullwidth-code-point@3.0.0:
    resolution: {integrity: sha512-zymm5+u+sCsSWyD9qNaejV3DFvhCKclKdizYaJUuHA83RLjb7nSuGnddCHGv0hk+KY7BMAlsWeK4Ueg6EV6XQg==}
    engines: {node: '>=8'}
    dev: false

  /isexe@2.0.0:
    resolution: {integrity: sha512-RHxMLp9lnKHGHRng9QFhRCMbYAcVpn69smSGcq3f36xjgVVWThj4qqLbTLlq7Ssj8B+fIQ1EuCEGI2lKsyQeIw==}
    dev: false

  /jackspeak@2.3.0:
    resolution: {integrity: sha512-uKmsITSsF4rUWQHzqaRUuyAir3fZfW3f202Ee34lz/gZCi970CPZwyQXLGNgWJvvZbvFyzeyGq0+4fcG/mBKZg==}
    engines: {node: '>=14'}
    dependencies:
      '@isaacs/cliui': 8.0.2
    optionalDependencies:
      '@pkgjs/parseargs': 0.11.0
    dev: false

  /js-yaml@3.14.1:
    resolution: {integrity: sha512-okMH7OXXJ7YrN9Ok3/SXrnu4iX9yOk+25nqX4imS2npuvTYDmo/QEZoqwZkYaIDk3jVvBOTOIEgEhaLOynBS9g==}
    hasBin: true
    dependencies:
      argparse: 1.0.10
      esprima: 4.0.1
    dev: false

  /kind-of@6.0.3:
    resolution: {integrity: sha512-dcS1ul+9tmeD95T+x28/ehLgd9mENa3LsvDTtzm3vyBEO7RPptvAD+t44WVXaUjTBRcrpFeFlC8WCruUR456hw==}
    engines: {node: '>=0.10.0'}
    dev: false

  /lodash.snakecase@4.1.1:
    resolution: {integrity: sha512-QZ1d4xoBHYUeuouhEq3lk3Uq7ldgyFXGBhg04+oRLnIz8o9T65Eh+8YdroUwn846zchkA9yDsDl5CVVaV2nqYw==}
    dev: false

  /lodash@4.17.21:
    resolution: {integrity: sha512-v2kDEe57lecTulaDIuNTPy3Ry4gLGJ6Z1O3vE1krgXZNrsQ+LFTGHVxVjcXPs17LhbZVGedAJv8XZ1tvj5FvSg==}
    dev: false

  /lru-cache@10.0.1:
    resolution: {integrity: sha512-IJ4uwUTi2qCccrioU6g9g/5rvvVl13bsdczUUcqbciD9iLr095yj8DQKdObriEvuNSx325N1rV1O0sJFszx75g==}
    engines: {node: 14 || >=16.14}
    dev: false

  /magic-bytes.js@1.0.15:
    resolution: {integrity: sha512-bpRmwbRHqongRhA+mXzbLWjVy7ylqmfMBYaQkSs6pac0z6hBTvsgrH0r4FBYd/UYVJBmS6Rp/O+oCCQVLzKV1g==}
    dev: false

  /minimatch@9.0.3:
    resolution: {integrity: sha512-RHiac9mvaRw0x3AYRgDC1CxAP7HTcNrrECeA8YYJeWnpo+2Q5CegtZjaotWTWxDG3UeGA1coE05iH1mPjT/2mg==}
    engines: {node: '>=16 || 14 >=14.17'}
    dependencies:
      brace-expansion: 2.0.1
    dev: false

  /minipass@7.0.3:
    resolution: {integrity: sha512-LhbbwCfz3vsb12j/WkWQPZfKTsgqIe1Nf/ti1pKjYESGLHIVjWU96G9/ljLH4F9mWNVhlQOm0VySdAWzf05dpg==}
    engines: {node: '>=16 || 14 >=14.17'}
    dev: false

  /nan@2.17.0:
    resolution: {integrity: sha512-2ZTgtl0nJsO0KQCjEpxcIr5D+Yv90plTitZt9JBfQvVJDS5seMl3FOvsh3+9CoYWXf/1l5OaZzzF6nDm4cagaQ==}
    dev: false

  /path-key@3.1.1:
    resolution: {integrity: sha512-ojmeN0qd+y0jszEtoY48r0Peq5dwMEkIlCOu6Q5f41lfkswXuKtYrhgoTpLnyIcHm24Uhqx+5Tqm2InSwLhE6Q==}
    engines: {node: '>=8'}
    dev: false

  /path-scurry@1.10.1:
    resolution: {integrity: sha512-MkhCqzzBEpPvxxQ71Md0b1Kk51W01lrYvlMzSUaIzNsODdd7mqhiimSZlr+VegAz5Z6Vzt9Xg2ttE//XBhH3EQ==}
    engines: {node: '>=16 || 14 >=14.17'}
    dependencies:
      lru-cache: 10.0.1
      minipass: 7.0.3
    dev: false

  /section-matter@1.0.0:
    resolution: {integrity: sha512-vfD3pmTzGpufjScBh50YHKzEu2lxBWhVEHsNGoEXmCmn2hKGfeNLYMzCJpe8cD7gqX7TJluOVpBkAequ6dgMmA==}
    engines: {node: '>=4'}
    dependencies:
      extend-shallow: 2.0.1
      kind-of: 6.0.3
    dev: false

  /shebang-command@2.0.0:
    resolution: {integrity: sha512-kHxr2zZpYtdmrN1qDjrrX/Z1rR1kG8Dx+gkpK1G4eXmvXswmcE1hTWBWYUzlraYw1/yZp6YuDY77YtvbN0dmDA==}
    engines: {node: '>=8'}
    dependencies:
      shebang-regex: 3.0.0
    dev: false

  /shebang-regex@3.0.0:
    resolution: {integrity: sha512-7++dFhtcx3353uBaq8DDR4NuxBetBzC7ZQOhmTQInHEd6bSrXdiEyzCvG07Z44UYdLShWUyXt5M/yhz8ekcb1A==}
    engines: {node: '>=8'}
    dev: false

  /signal-exit@4.1.0:
    resolution: {integrity: sha512-bzyZ1e88w9O1iNJbKnOlvYTrWPDl46O1bG0D3XInv+9tkPrxrN8jUUTiFlDkkmKWgn1M6CfIA13SuGqOa9Korw==}
    engines: {node: '>=14'}
    dev: false

  /sprintf-js@1.0.3:
    resolution: {integrity: sha512-D9cPgkvLlV3t3IzL0D0YLvGA9Ahk4PcvVwUbN0dSGr1aP0Nrt4AEnTUbuGvquEC0mA64Gqt1fzirlRs5ibXx8g==}
    dev: false

  /streamsearch@1.1.0:
    resolution: {integrity: sha512-Mcc5wHehp9aXz1ax6bZUyY5afg9u2rv5cqQI3mRrYkGC8rW2hM02jWuwjtL++LS5qinSyhj2QfLyNsuc+VsExg==}
    engines: {node: '>=10.0.0'}
    dev: false

  /string-width@4.2.3:
    resolution: {integrity: sha512-wKyQRQpjJ0sIp62ErSZdGsjMJWsap5oRNihHhu6G7JVO/9jIB6UyevL+tXuOqrng8j/cxKTWyWUwvSTriiZz/g==}
    engines: {node: '>=8'}
    dependencies:
      emoji-regex: 8.0.0
      is-fullwidth-code-point: 3.0.0
      strip-ansi: 6.0.1
    dev: false

  /string-width@5.1.2:
    resolution: {integrity: sha512-HnLOCR3vjcY8beoNLtcjZ5/nxn2afmME6lhrDrebokqMap+XbeW8n9TXpPDOqdGK5qcI3oT0GKTW6wC7EMiVqA==}
    engines: {node: '>=12'}
    dependencies:
      eastasianwidth: 0.2.0
      emoji-regex: 9.2.2
      strip-ansi: 7.1.0
    dev: false

  /strip-ansi@6.0.1:
    resolution: {integrity: sha512-Y38VPSHcqkFrCpFnQ9vuSXmquuv5oXOKpGeT6aGrr3o3Gc9AlVa6JBfUSOCnbxGGZF+/0ooI7KrPuUSztUdU5A==}
    engines: {node: '>=8'}
    dependencies:
      ansi-regex: 5.0.1
    dev: false

  /strip-ansi@7.1.0:
    resolution: {integrity: sha512-iq6eVVI64nQQTRYq2KtEg2d2uU7LElhTJwsH4YzIHZshxlgZms/wIc4VoDQTlG/IvVIrBKG06CrZnp0qv7hkcQ==}
    engines: {node: '>=12'}
    dependencies:
      ansi-regex: 6.0.1
    dev: false

  /strip-bom-string@1.0.0:
    resolution: {integrity: sha512-uCC2VHvQRYu+lMh4My/sFNmF2klFymLX1wHJeXnbEJERpV/ZsVuonzerjfrGpIGF7LBVa1O7i9kjiWvJiFck8g==}
    engines: {node: '>=0.10.0'}
    dev: false

  /ts-mixer@6.0.3:
    resolution: {integrity: sha512-k43M7uCG1AkTyxgnmI5MPwKoUvS/bRvLvUb7+Pgpdlmok8AoqmUaZxUUw8zKM5B1lqZrt41GjYgnvAi0fppqgQ==}
    dev: false

  /tslib@2.6.2:
    resolution: {integrity: sha512-AEYxH93jGFPn/a2iVAwW87VuUIkR1FVUKB77NwMF7nBTDkDrrT/Hpt/IrCJ0QXhW27jTBDcf5ZY7w6RiqTMw2Q==}
    dev: false

  /type-fest@3.13.1:
    resolution: {integrity: sha512-tLq3bSNx+xSpwvAJnzrK0Ep5CLNWjvFTOp71URMaAEWBfRb9nnJiBoUe0tF8bI4ZFO3omgBR6NvnbzVUT3Ly4g==}
    engines: {node: '>=14.16'}
    dev: false

  /undici@5.22.1:
    resolution: {integrity: sha512-Ji2IJhFXZY0x/0tVBXeQwgPlLWw13GVzpsWPQ3rV50IFMMof2I55PZZxtm4P6iNq+L5znYN9nSTAq0ZyE6lSJw==}
    engines: {node: '>=14.0'}
    dependencies:
      busboy: 1.6.0
    dev: false

  /utility-types@3.10.0:
    resolution: {integrity: sha512-O11mqxmi7wMKCo6HKFt5AhO4BwY3VV68YU07tgxfz8zJTIxr4BpsezN49Ffwy9j3ZpwwJp4fkRwjRzq3uWE6Rg==}
    engines: {node: '>= 4'}
    dev: false

  /which@2.0.2:
    resolution: {integrity: sha512-BLI3Tl1TW3Pvl70l3yq3Y64i+awpwXqsGBYWkkqMtnbXgrMD+yj7rhW0kuEDxzJaYXGjEW5ogapKNMEKNMjibA==}
    engines: {node: '>= 8'}
    hasBin: true
    dependencies:
      isexe: 2.0.0
    dev: false

  /wrap-ansi@7.0.0:
    resolution: {integrity: sha512-YVGIj2kamLSTxw6NsZjoBxfSwsn0ycdesmc4p+Q21c5zPuZ1pl+NfxVdxPtdHvmNVOQ6XSYG4AUtyt/Fi7D16Q==}
    engines: {node: '>=10'}
    dependencies:
      ansi-styles: 4.3.0
      string-width: 4.2.3
      strip-ansi: 6.0.1
    dev: false

  /wrap-ansi@8.1.0:
    resolution: {integrity: sha512-si7QWI6zUMq56bESFvagtmzMdGOtoxfR+Sez11Mobfc7tm+VkUckk9bW2UeffTGVUbOksxmSw0AA2gs8g71NCQ==}
    engines: {node: '>=12'}
    dependencies:
      ansi-styles: 6.2.1
      string-width: 5.1.2
      strip-ansi: 7.1.0
    dev: false

  /ws@8.13.0:
    resolution: {integrity: sha512-x9vcZYTrFPC7aSIbj7sRCYo7L/Xb8Iy+pW0ng0wt2vCJv7M9HOMy0UoN3rr+IFC7hb7vXoqS+P9ktyLLLhO+LA==}
    engines: {node: '>=10.0.0'}
    peerDependencies:
      bufferutil: ^4.0.1
      utf-8-validate: '>=5.0.2'
    peerDependenciesMeta:
      bufferutil:
        optional: true
      utf-8-validate:
        optional: true
    dev: false

  /yaml@2.3.1:
    resolution: {integrity: sha512-2eHWfjaoXgTBC2jNM1LRef62VQa0umtvRiDSk6HSzW7RvS5YtkabJrwYLLEKWBc8a5U2PTSCs+dJjUTJdlHsWQ==}
    engines: {node: '>= 14'}
    dev: false

  /zlib-sync@0.1.8:
    resolution: {integrity: sha512-Xbu4odT5SbLsa1HFz8X/FvMgUbJYWxJYKB2+bqxJ6UOIIPaVGrqHEB3vyXDltSA6tTqBhSGYLgiVpzPQHYi3lA==}
    requiresBuild: true
    dependencies:
      nan: 2.17.0
    dev: false
